// !$*UTF8*$!
{
	archiveVersion = 1;
	classes = {
	};
	objectVersion = 50;
	objects = {

/* Begin PBXBuildFile section */
		B9085ACD211B3EF10099DBE1 /* AppDelegate.swift in Sources */ = {isa = PBXBuildFile; fileRef = B9085ACC211B3EF10099DBE1 /* AppDelegate.swift */; };
		B9085ACF211B3EF10099DBE1 /* ViewController.swift in Sources */ = {isa = PBXBuildFile; fileRef = B9085ACE211B3EF10099DBE1 /* ViewController.swift */; };
		B9085AD2211B3EF10099DBE1 /* Chart.storyboard in Resources */ = {isa = PBXBuildFile; fileRef = B9085AD0211B3EF10099DBE1 /* Chart.storyboard */; };
		B9085AD4211B3EF50099DBE1 /* Assets.xcassets in Resources */ = {isa = PBXBuildFile; fileRef = B9085AD3211B3EF50099DBE1 /* Assets.xcassets */; };
		B9085AD7211B3EF50099DBE1 /* LaunchScreen.storyboard in Resources */ = {isa = PBXBuildFile; fileRef = B9085AD5211B3EF50099DBE1 /* LaunchScreen.storyboard */; };
		B9085AE1211B40530099DBE1 /* SNS.storyboard in Resources */ = {isa = PBXBuildFile; fileRef = B9085AE0211B40530099DBE1 /* SNS.storyboard */; };
		B9085AE5211B444E0099DBE1 /* StartViewController.swift in Sources */ = {isa = PBXBuildFile; fileRef = B9085AE4211B444E0099DBE1 /* StartViewController.swift */; };
		B9085AE7211B44C00099DBE1 /* Start.storyboard in Resources */ = {isa = PBXBuildFile; fileRef = B9085AE6211B44C00099DBE1 /* Start.storyboard */; };
		B9085AE9211B527E0099DBE1 /* Helper.swift in Sources */ = {isa = PBXBuildFile; fileRef = B9085AE8211B527E0099DBE1 /* Helper.swift */; };
		B9085AEB211B58FE0099DBE1 /* News.storyboard in Resources */ = {isa = PBXBuildFile; fileRef = B9085AEA211B58FE0099DBE1 /* News.storyboard */; };
		B9085B1A211C418F0099DBE1 /* Realm.framework in Frameworks */ = {isa = PBXBuildFile; fileRef = B9085B18211C418F0099DBE1 /* Realm.framework */; };
		B9085B1B211C418F0099DBE1 /* RealmSwift.framework in Frameworks */ = {isa = PBXBuildFile; fileRef = B9085B19211C418F0099DBE1 /* RealmSwift.framework */; };
		B9085B1D211C431C0099DBE1 /* VoteListViewController.swift in Sources */ = {isa = PBXBuildFile; fileRef = B9085B1C211C431C0099DBE1 /* VoteListViewController.swift */; };
		B9085B1F211D8CAF0099DBE1 /* GoogleService-Info.plist in Resources */ = {isa = PBXBuildFile; fileRef = B9085B1E211D8CAF0099DBE1 /* GoogleService-Info.plist */; };
		B9085B22211DA30C0099DBE1 /* VoteViewController.swift in Sources */ = {isa = PBXBuildFile; fileRef = B9085B21211DA30C0099DBE1 /* VoteViewController.swift */; };
		B9085B24211DE8010099DBE1 /* ChartsResultViewController.swift in Sources */ = {isa = PBXBuildFile; fileRef = B9085B23211DE8010099DBE1 /* ChartsResultViewController.swift */; };
		B9085B26211E7B800099DBE1 /* DemoBaseViewController.swift in Sources */ = {isa = PBXBuildFile; fileRef = B9085B25211E7B800099DBE1 /* DemoBaseViewController.swift */; };
		B9085B2A211EB2120099DBE1 /* ChartsResultTableViewCell.swift in Sources */ = {isa = PBXBuildFile; fileRef = B9085B29211EB2120099DBE1 /* ChartsResultTableViewCell.swift */; };
		B9085B4F211F51AA0099DBE1 /* MyFormViewController.swift in Sources */ = {isa = PBXBuildFile; fileRef = B9085B4E211F51AA0099DBE1 /* MyFormViewController.swift */; };
		B911E72821296B51004728C0 /* SearchListViewController.swift in Sources */ = {isa = PBXBuildFile; fileRef = B911E72721296B51004728C0 /* SearchListViewController.swift */; };
		B911E72A2129B258004728C0 /* SearchDetailViewController.swift in Sources */ = {isa = PBXBuildFile; fileRef = B911E7292129B258004728C0 /* SearchDetailViewController.swift */; };
		B9179C57213D8260006F4352 /* SNSwithUrlTableViewCell.swift in Sources */ = {isa = PBXBuildFile; fileRef = B9179C55213D8260006F4352 /* SNSwithUrlTableViewCell.swift */; };
		B9179C58213D8260006F4352 /* SNSwithUrlTableViewCell.xib in Resources */ = {isa = PBXBuildFile; fileRef = B9179C56213D8260006F4352 /* SNSwithUrlTableViewCell.xib */; };
		B91C27F2214EB4C5002477B9 /* ProfileDetailEditTableViewCell.swift in Sources */ = {isa = PBXBuildFile; fileRef = B91C27F0214EB4C5002477B9 /* ProfileDetailEditTableViewCell.swift */; };
		B91C27F3214EB4C5002477B9 /* ProfileDetailEditTableViewCell.xib in Resources */ = {isa = PBXBuildFile; fileRef = B91C27F1214EB4C5002477B9 /* ProfileDetailEditTableViewCell.xib */; };
		B91C27F5214EB809002477B9 /* ProfileEditViewController.swift in Sources */ = {isa = PBXBuildFile; fileRef = B91C27F4214EB809002477B9 /* ProfileEditViewController.swift */; };
		B920C9EF213EDDEC00ECF00C /* WeeklyViewController.swift in Sources */ = {isa = PBXBuildFile; fileRef = B920C9EE213EDDEC00ECF00C /* WeeklyViewController.swift */; };
		B920C9F121404C0000ECF00C /* DetailWeeklyViewController.swift in Sources */ = {isa = PBXBuildFile; fileRef = B920C9F021404BFF00ECF00C /* DetailWeeklyViewController.swift */; };
		B920C9F42146FACB00ECF00C /* opposeTableViewCell.swift in Sources */ = {isa = PBXBuildFile; fileRef = B920C9F22146FACB00ECF00C /* opposeTableViewCell.swift */; };
		B920C9F52146FACB00ECF00C /* opposeTableViewCell.xib in Resources */ = {isa = PBXBuildFile; fileRef = B920C9F32146FACB00ECF00C /* opposeTableViewCell.xib */; };
		B920C9F82147FAF400ECF00C /* ReguralyViewController.swift in Sources */ = {isa = PBXBuildFile; fileRef = B920C9F72147FAF400ECF00C /* ReguralyViewController.swift */; };
		B920C9FA214C0F6C00ECF00C /* Setting.storyboard in Resources */ = {isa = PBXBuildFile; fileRef = B920C9F9214C0F6C00ECF00C /* Setting.storyboard */; };
		B920C9FC214C0FBF00ECF00C /* SettingViewController.swift in Sources */ = {isa = PBXBuildFile; fileRef = B920C9FB214C0FBF00ECF00C /* SettingViewController.swift */; };
		B920CA00214C1C2F00ECF00C /* ProfileSettingTableViewCell.swift in Sources */ = {isa = PBXBuildFile; fileRef = B920C9FE214C1C2F00ECF00C /* ProfileSettingTableViewCell.swift */; };
		B920CA01214C1C2F00ECF00C /* ProfileSettingTableViewCell.xib in Resources */ = {isa = PBXBuildFile; fileRef = B920C9FF214C1C2F00ECF00C /* ProfileSettingTableViewCell.xib */; };
		B920CA04214C261600ECF00C /* ProfileEditTableViewCell.swift in Sources */ = {isa = PBXBuildFile; fileRef = B920CA02214C261600ECF00C /* ProfileEditTableViewCell.swift */; };
		B920CA05214C261600ECF00C /* ProfileEditTableViewCell.xib in Resources */ = {isa = PBXBuildFile; fileRef = B920CA03214C261600ECF00C /* ProfileEditTableViewCell.xib */; };
		B92327C12134360600141A01 /* SNSPostViewController.swift in Sources */ = {isa = PBXBuildFile; fileRef = B92327C02134360600141A01 /* SNSPostViewController.swift */; };
		B929349A211FF4A900637B16 /* ViewResultViewController.swift in Sources */ = {isa = PBXBuildFile; fileRef = B9293499211FF4A900637B16 /* ViewResultViewController.swift */; };
		B929349C21200D4800637B16 /* TodayResultViewController.swift in Sources */ = {isa = PBXBuildFile; fileRef = B929349B21200D4800637B16 /* TodayResultViewController.swift */; };
		B929349E21200D6B00637B16 /* OneDayAgoResultViewController.swift in Sources */ = {isa = PBXBuildFile; fileRef = B929349D21200D6B00637B16 /* OneDayAgoResultViewController.swift */; };
		B92934A021200D7E00637B16 /* TwoDaysAgoResultViewController.swift in Sources */ = {isa = PBXBuildFile; fileRef = B929349F21200D7E00637B16 /* TwoDaysAgoResultViewController.swift */; };
		B92934A221200D9000637B16 /* ThreeDaysAgoResultViewController.swift in Sources */ = {isa = PBXBuildFile; fileRef = B92934A121200D9000637B16 /* ThreeDaysAgoResultViewController.swift */; };
		B92934A421200DA500637B16 /* FourDaysAgoResultViewController.swift in Sources */ = {isa = PBXBuildFile; fileRef = B92934A321200DA500637B16 /* FourDaysAgoResultViewController.swift */; };
		B92934A621200DBB00637B16 /* FiveDaysAgoResultViewController.swift in Sources */ = {isa = PBXBuildFile; fileRef = B92934A521200DBB00637B16 /* FiveDaysAgoResultViewController.swift */; };
		B92934A821200DD100637B16 /* SixDaysAgoResultViewController.swift in Sources */ = {isa = PBXBuildFile; fileRef = B92934A721200DD100637B16 /* SixDaysAgoResultViewController.swift */; };
		B92934AA21209C2F00637B16 /* WaitResultViewController.swift in Sources */ = {isa = PBXBuildFile; fileRef = B92934A921209C2F00637B16 /* WaitResultViewController.swift */; };
		B92934AC2120A55200637B16 /* SelectViewController.swift in Sources */ = {isa = PBXBuildFile; fileRef = B92934AB2120A55200637B16 /* SelectViewController.swift */; };
		B92934AE2120AAB700637B16 /* PastResultViewController.swift in Sources */ = {isa = PBXBuildFile; fileRef = B92934AD2120AAB700637B16 /* PastResultViewController.swift */; };
		B92934B02120BA4800637B16 /* PastChartsTableViewCell.swift in Sources */ = {isa = PBXBuildFile; fileRef = B92934AF2120BA4800637B16 /* PastChartsTableViewCell.swift */; };
		B92934B22120C62B00637B16 /* MyPastFormViewController.swift in Sources */ = {isa = PBXBuildFile; fileRef = B92934B12120C62B00637B16 /* MyPastFormViewController.swift */; };
		B96A7A3D213AD1B60022CDE0 /* ChartsResultListTableViewCell.swift in Sources */ = {isa = PBXBuildFile; fileRef = B96A7A3B213AD1B60022CDE0 /* ChartsResultListTableViewCell.swift */; };
		B96A7A3E213AD1B60022CDE0 /* ChartsResultListTableViewCell.xib in Resources */ = {isa = PBXBuildFile; fileRef = B96A7A3C213AD1B60022CDE0 /* ChartsResultListTableViewCell.xib */; };
		B96A7A40213AE25B0022CDE0 /* SearchPostViewController.swift in Sources */ = {isa = PBXBuildFile; fileRef = B96A7A3F213AE25B0022CDE0 /* SearchPostViewController.swift */; };
		B97402E42131D3BD008A1D34 /* MainTodayViewController.swift in Sources */ = {isa = PBXBuildFile; fileRef = B97402E32131D3BD008A1D34 /* MainTodayViewController.swift */; };
		B9F7E0D9213DA0A600A0B99F /* commentWithUrlTableViewCell.swift in Sources */ = {isa = PBXBuildFile; fileRef = B9F7E0D7213DA0A600A0B99F /* commentWithUrlTableViewCell.swift */; };
		B9F7E0DA213DA0A600A0B99F /* commentWithUrlTableViewCell.xib in Resources */ = {isa = PBXBuildFile; fileRef = B9F7E0D8213DA0A600A0B99F /* commentWithUrlTableViewCell.xib */; };
		B9FC939F212F09890029EF12 /* NewsTodayTableViewCell.swift in Sources */ = {isa = PBXBuildFile; fileRef = B9FC939D212F09890029EF12 /* NewsTodayTableViewCell.swift */; };
		B9FC93A0212F09890029EF12 /* NewsTodayTableViewCell.xib in Resources */ = {isa = PBXBuildFile; fileRef = B9FC939E212F09890029EF12 /* NewsTodayTableViewCell.xib */; };
		B9FC93A2212FE4710029EF12 /* NewsMainViewController.swift in Sources */ = {isa = PBXBuildFile; fileRef = B9FC93A1212FE4710029EF12 /* NewsMainViewController.swift */; };
		B9FC93A5212FE5070029EF12 /* TodayViewController.swift in Sources */ = {isa = PBXBuildFile; fileRef = B9FC93A4212FE5070029EF12 /* TodayViewController.swift */; };
		B9FC93A7212FE5310029EF12 /* OneDayAgoViewController.swift in Sources */ = {isa = PBXBuildFile; fileRef = B9FC93A6212FE5310029EF12 /* OneDayAgoViewController.swift */; };
		B9FC93A9212FE5490029EF12 /* TwoDaysAgoViewController.swift in Sources */ = {isa = PBXBuildFile; fileRef = B9FC93A8212FE5490029EF12 /* TwoDaysAgoViewController.swift */; };
		B9FC93AB212FE5570029EF12 /* ThreeDaysAgoViewController.swift in Sources */ = {isa = PBXBuildFile; fileRef = B9FC93AA212FE5570029EF12 /* ThreeDaysAgoViewController.swift */; };
		B9FC93AD212FE5690029EF12 /* FourDaysAgoViewController.swift in Sources */ = {isa = PBXBuildFile; fileRef = B9FC93AC212FE5690029EF12 /* FourDaysAgoViewController.swift */; };
		B9FC93AF212FE5750029EF12 /* FiveDaysAgoViewController.swift in Sources */ = {isa = PBXBuildFile; fileRef = B9FC93AE212FE5750029EF12 /* FiveDaysAgoViewController.swift */; };
		B9FC93B1212FE5830029EF12 /* SixDaysAgoViewController.swift in Sources */ = {isa = PBXBuildFile; fileRef = B9FC93B0212FE5830029EF12 /* SixDaysAgoViewController.swift */; };
		B9FC93B3213002EC0029EF12 /* NewsViewController.swift in Sources */ = {isa = PBXBuildFile; fileRef = B9FC93B2213002EC0029EF12 /* NewsViewController.swift */; };
		B9FC93B521304B980029EF12 /* NewsPostCommentViewController.swift in Sources */ = {isa = PBXBuildFile; fileRef = B9FC93B421304B980029EF12 /* NewsPostCommentViewController.swift */; };
		B9FC93B7213082500029EF12 /* NewsDetailViewController.swift in Sources */ = {isa = PBXBuildFile; fileRef = B9FC93B6213082500029EF12 /* NewsDetailViewController.swift */; };
		B9FE6149212525B100DFF419 /* PostDetailViewController.swift in Sources */ = {isa = PBXBuildFile; fileRef = B9FE6148212525B100DFF419 /* PostDetailViewController.swift */; };
		B9FE614C2125572700DFF419 /* SNSListViewController.swift in Sources */ = {isa = PBXBuildFile; fileRef = B9FE614B2125572700DFF419 /* SNSListViewController.swift */; };
		B9FE61512125D35000DFF419 /* SNSTableViewCell.swift in Sources */ = {isa = PBXBuildFile; fileRef = B9FE614F2125D35000DFF419 /* SNSTableViewCell.swift */; };
		B9FE61522125D35000DFF419 /* SNSTableViewCell.xib in Resources */ = {isa = PBXBuildFile; fileRef = B9FE61502125D35000DFF419 /* SNSTableViewCell.xib */; };
		B9FE615A2126B3C800DFF419 /* CommentDetailViewController.swift in Sources */ = {isa = PBXBuildFile; fileRef = B9FE61592126B3C800DFF419 /* CommentDetailViewController.swift */; };
		B9FE61632126F43D00DFF419 /* TagCollectionViewCell.swift in Sources */ = {isa = PBXBuildFile; fileRef = B9FE61612126F43D00DFF419 /* TagCollectionViewCell.swift */; };
		B9FE61642126F43D00DFF419 /* TagCollectionViewCell.xib in Resources */ = {isa = PBXBuildFile; fileRef = B9FE61622126F43D00DFF419 /* TagCollectionViewCell.xib */; };
		B9FE61672126F4DB00DFF419 /* TagTableViewCell.swift in Sources */ = {isa = PBXBuildFile; fileRef = B9FE61652126F4DB00DFF419 /* TagTableViewCell.swift */; };
		B9FE61682126F4DB00DFF419 /* TagTableViewCell.xib in Resources */ = {isa = PBXBuildFile; fileRef = B9FE61662126F4DB00DFF419 /* TagTableViewCell.xib */; };
		B9FE616D21282FF300DFF419 /* commentTableViewCell.swift in Sources */ = {isa = PBXBuildFile; fileRef = B9FE616B21282FF300DFF419 /* commentTableViewCell.swift */; };
		B9FE616E21282FF300DFF419 /* commentTableViewCell.xib in Resources */ = {isa = PBXBuildFile; fileRef = B9FE616C21282FF300DFF419 /* commentTableViewCell.xib */; };
		B9FE617A212891BB00DFF419 /* ResponseTableViewCell.swift in Sources */ = {isa = PBXBuildFile; fileRef = B9FE6178212891BB00DFF419 /* ResponseTableViewCell.swift */; };
		B9FE617B212891BB00DFF419 /* ResponseTableViewCell.xib in Resources */ = {isa = PBXBuildFile; fileRef = B9FE6179212891BB00DFF419 /* ResponseTableViewCell.xib */; };
		CA3D035177EB5581E57CCAE3 /* Pods_Politics.framework in Frameworks */ = {isa = PBXBuildFile; fileRef = E43E352199C059506D6961DA /* Pods_Politics.framework */; };
/* End PBXBuildFile section */

/* Begin PBXFileReference section */
		6F762DF9D9461AE59479737E /* Pods-Politics.debug.xcconfig */ = {isa = PBXFileReference; includeInIndex = 1; lastKnownFileType = text.xcconfig; name = "Pods-Politics.debug.xcconfig"; path = "Pods/Target Support Files/Pods-Politics/Pods-Politics.debug.xcconfig"; sourceTree = "<group>"; };
		ADB5B87C3920BE900FDF74D1 /* Pods-Politics.release.xcconfig */ = {isa = PBXFileReference; includeInIndex = 1; lastKnownFileType = text.xcconfig; name = "Pods-Politics.release.xcconfig"; path = "Pods/Target Support Files/Pods-Politics/Pods-Politics.release.xcconfig"; sourceTree = "<group>"; };
		B9085AC9211B3EF10099DBE1 /* Politics.app */ = {isa = PBXFileReference; explicitFileType = wrapper.application; includeInIndex = 0; path = Politics.app; sourceTree = BUILT_PRODUCTS_DIR; };
		B9085ACC211B3EF10099DBE1 /* AppDelegate.swift */ = {isa = PBXFileReference; lastKnownFileType = sourcecode.swift; path = AppDelegate.swift; sourceTree = "<group>"; };
		B9085ACE211B3EF10099DBE1 /* ViewController.swift */ = {isa = PBXFileReference; lastKnownFileType = sourcecode.swift; path = ViewController.swift; sourceTree = "<group>"; };
		B9085AD1211B3EF10099DBE1 /* Base */ = {isa = PBXFileReference; lastKnownFileType = file.storyboard; name = Base; path = Base.lproj/Chart.storyboard; sourceTree = "<group>"; };
		B9085AD3211B3EF50099DBE1 /* Assets.xcassets */ = {isa = PBXFileReference; lastKnownFileType = folder.assetcatalog; path = Assets.xcassets; sourceTree = "<group>"; };
		B9085AD6211B3EF50099DBE1 /* Base */ = {isa = PBXFileReference; lastKnownFileType = file.storyboard; name = Base; path = Base.lproj/LaunchScreen.storyboard; sourceTree = "<group>"; };
		B9085AD8211B3EF50099DBE1 /* Info.plist */ = {isa = PBXFileReference; lastKnownFileType = text.plist.xml; path = Info.plist; sourceTree = "<group>"; };
		B9085AE0211B40530099DBE1 /* SNS.storyboard */ = {isa = PBXFileReference; lastKnownFileType = file.storyboard; path = SNS.storyboard; sourceTree = "<group>"; };
		B9085AE4211B444E0099DBE1 /* StartViewController.swift */ = {isa = PBXFileReference; lastKnownFileType = sourcecode.swift; path = StartViewController.swift; sourceTree = "<group>"; };
		B9085AE6211B44C00099DBE1 /* Start.storyboard */ = {isa = PBXFileReference; lastKnownFileType = file.storyboard; path = Start.storyboard; sourceTree = "<group>"; };
		B9085AE8211B527E0099DBE1 /* Helper.swift */ = {isa = PBXFileReference; lastKnownFileType = sourcecode.swift; path = Helper.swift; sourceTree = "<group>"; };
		B9085AEA211B58FE0099DBE1 /* News.storyboard */ = {isa = PBXFileReference; lastKnownFileType = file.storyboard; path = News.storyboard; sourceTree = "<group>"; };
		B9085B18211C418F0099DBE1 /* Realm.framework */ = {isa = PBXFileReference; lastKnownFileType = wrapper.framework; name = Realm.framework; path = Carthage/Build/iOS/Realm.framework; sourceTree = "<group>"; };
		B9085B19211C418F0099DBE1 /* RealmSwift.framework */ = {isa = PBXFileReference; lastKnownFileType = wrapper.framework; name = RealmSwift.framework; path = Carthage/Build/iOS/RealmSwift.framework; sourceTree = "<group>"; };
		B9085B1C211C431C0099DBE1 /* VoteListViewController.swift */ = {isa = PBXFileReference; lastKnownFileType = sourcecode.swift; path = VoteListViewController.swift; sourceTree = "<group>"; };
		B9085B1E211D8CAF0099DBE1 /* GoogleService-Info.plist */ = {isa = PBXFileReference; fileEncoding = 4; lastKnownFileType = text.plist.xml; path = "GoogleService-Info.plist"; sourceTree = "<group>"; };
		B9085B21211DA30C0099DBE1 /* VoteViewController.swift */ = {isa = PBXFileReference; lastKnownFileType = sourcecode.swift; path = VoteViewController.swift; sourceTree = "<group>"; };
		B9085B23211DE8010099DBE1 /* ChartsResultViewController.swift */ = {isa = PBXFileReference; lastKnownFileType = sourcecode.swift; path = ChartsResultViewController.swift; sourceTree = "<group>"; };
		B9085B25211E7B800099DBE1 /* DemoBaseViewController.swift */ = {isa = PBXFileReference; lastKnownFileType = sourcecode.swift; path = DemoBaseViewController.swift; sourceTree = "<group>"; };
		B9085B29211EB2120099DBE1 /* ChartsResultTableViewCell.swift */ = {isa = PBXFileReference; lastKnownFileType = sourcecode.swift; path = ChartsResultTableViewCell.swift; sourceTree = "<group>"; };
		B9085B4E211F51AA0099DBE1 /* MyFormViewController.swift */ = {isa = PBXFileReference; lastKnownFileType = sourcecode.swift; path = MyFormViewController.swift; sourceTree = "<group>"; };
		B911E72721296B51004728C0 /* SearchListViewController.swift */ = {isa = PBXFileReference; lastKnownFileType = sourcecode.swift; path = SearchListViewController.swift; sourceTree = "<group>"; };
		B911E7292129B258004728C0 /* SearchDetailViewController.swift */ = {isa = PBXFileReference; lastKnownFileType = sourcecode.swift; path = SearchDetailViewController.swift; sourceTree = "<group>"; };
		B9179C55213D8260006F4352 /* SNSwithUrlTableViewCell.swift */ = {isa = PBXFileReference; lastKnownFileType = sourcecode.swift; path = SNSwithUrlTableViewCell.swift; sourceTree = "<group>"; };
		B9179C56213D8260006F4352 /* SNSwithUrlTableViewCell.xib */ = {isa = PBXFileReference; lastKnownFileType = file.xib; path = SNSwithUrlTableViewCell.xib; sourceTree = "<group>"; };
		B91C27F0214EB4C5002477B9 /* ProfileDetailEditTableViewCell.swift */ = {isa = PBXFileReference; lastKnownFileType = sourcecode.swift; path = ProfileDetailEditTableViewCell.swift; sourceTree = "<group>"; };
		B91C27F1214EB4C5002477B9 /* ProfileDetailEditTableViewCell.xib */ = {isa = PBXFileReference; lastKnownFileType = file.xib; path = ProfileDetailEditTableViewCell.xib; sourceTree = "<group>"; };
		B91C27F4214EB809002477B9 /* ProfileEditViewController.swift */ = {isa = PBXFileReference; lastKnownFileType = sourcecode.swift; path = ProfileEditViewController.swift; sourceTree = "<group>"; };
		B920C9EE213EDDEC00ECF00C /* WeeklyViewController.swift */ = {isa = PBXFileReference; lastKnownFileType = sourcecode.swift; path = WeeklyViewController.swift; sourceTree = "<group>"; };
		B920C9F021404BFF00ECF00C /* DetailWeeklyViewController.swift */ = {isa = PBXFileReference; lastKnownFileType = sourcecode.swift; path = DetailWeeklyViewController.swift; sourceTree = "<group>"; };
		B920C9F22146FACB00ECF00C /* opposeTableViewCell.swift */ = {isa = PBXFileReference; lastKnownFileType = sourcecode.swift; path = opposeTableViewCell.swift; sourceTree = "<group>"; };
		B920C9F32146FACB00ECF00C /* opposeTableViewCell.xib */ = {isa = PBXFileReference; lastKnownFileType = file.xib; path = opposeTableViewCell.xib; sourceTree = "<group>"; };
		B920C9F72147FAF400ECF00C /* ReguralyViewController.swift */ = {isa = PBXFileReference; lastKnownFileType = sourcecode.swift; path = ReguralyViewController.swift; sourceTree = "<group>"; };
		B920C9F9214C0F6C00ECF00C /* Setting.storyboard */ = {isa = PBXFileReference; lastKnownFileType = file.storyboard; path = Setting.storyboard; sourceTree = "<group>"; };
		B920C9FB214C0FBF00ECF00C /* SettingViewController.swift */ = {isa = PBXFileReference; lastKnownFileType = sourcecode.swift; path = SettingViewController.swift; sourceTree = "<group>"; };
		B920C9FE214C1C2F00ECF00C /* ProfileSettingTableViewCell.swift */ = {isa = PBXFileReference; lastKnownFileType = sourcecode.swift; path = ProfileSettingTableViewCell.swift; sourceTree = "<group>"; };
		B920C9FF214C1C2F00ECF00C /* ProfileSettingTableViewCell.xib */ = {isa = PBXFileReference; lastKnownFileType = file.xib; path = ProfileSettingTableViewCell.xib; sourceTree = "<group>"; };
		B920CA02214C261600ECF00C /* ProfileEditTableViewCell.swift */ = {isa = PBXFileReference; lastKnownFileType = sourcecode.swift; path = ProfileEditTableViewCell.swift; sourceTree = "<group>"; };
		B920CA03214C261600ECF00C /* ProfileEditTableViewCell.xib */ = {isa = PBXFileReference; lastKnownFileType = file.xib; path = ProfileEditTableViewCell.xib; sourceTree = "<group>"; };
		B92327C02134360600141A01 /* SNSPostViewController.swift */ = {isa = PBXFileReference; lastKnownFileType = sourcecode.swift; path = SNSPostViewController.swift; sourceTree = "<group>"; };
		B9293499211FF4A900637B16 /* ViewResultViewController.swift */ = {isa = PBXFileReference; lastKnownFileType = sourcecode.swift; path = ViewResultViewController.swift; sourceTree = "<group>"; };
		B929349B21200D4800637B16 /* TodayResultViewController.swift */ = {isa = PBXFileReference; lastKnownFileType = sourcecode.swift; path = TodayResultViewController.swift; sourceTree = "<group>"; };
		B929349D21200D6B00637B16 /* OneDayAgoResultViewController.swift */ = {isa = PBXFileReference; lastKnownFileType = sourcecode.swift; path = OneDayAgoResultViewController.swift; sourceTree = "<group>"; };
		B929349F21200D7E00637B16 /* TwoDaysAgoResultViewController.swift */ = {isa = PBXFileReference; lastKnownFileType = sourcecode.swift; path = TwoDaysAgoResultViewController.swift; sourceTree = "<group>"; };
		B92934A121200D9000637B16 /* ThreeDaysAgoResultViewController.swift */ = {isa = PBXFileReference; lastKnownFileType = sourcecode.swift; path = ThreeDaysAgoResultViewController.swift; sourceTree = "<group>"; };
		B92934A321200DA500637B16 /* FourDaysAgoResultViewController.swift */ = {isa = PBXFileReference; lastKnownFileType = sourcecode.swift; path = FourDaysAgoResultViewController.swift; sourceTree = "<group>"; };
		B92934A521200DBB00637B16 /* FiveDaysAgoResultViewController.swift */ = {isa = PBXFileReference; lastKnownFileType = sourcecode.swift; path = FiveDaysAgoResultViewController.swift; sourceTree = "<group>"; };
		B92934A721200DD100637B16 /* SixDaysAgoResultViewController.swift */ = {isa = PBXFileReference; lastKnownFileType = sourcecode.swift; path = SixDaysAgoResultViewController.swift; sourceTree = "<group>"; };
		B92934A921209C2F00637B16 /* WaitResultViewController.swift */ = {isa = PBXFileReference; lastKnownFileType = sourcecode.swift; path = WaitResultViewController.swift; sourceTree = "<group>"; };
		B92934AB2120A55200637B16 /* SelectViewController.swift */ = {isa = PBXFileReference; lastKnownFileType = sourcecode.swift; path = SelectViewController.swift; sourceTree = "<group>"; };
		B92934AD2120AAB700637B16 /* PastResultViewController.swift */ = {isa = PBXFileReference; lastKnownFileType = sourcecode.swift; path = PastResultViewController.swift; sourceTree = "<group>"; };
		B92934AF2120BA4800637B16 /* PastChartsTableViewCell.swift */ = {isa = PBXFileReference; lastKnownFileType = sourcecode.swift; path = PastChartsTableViewCell.swift; sourceTree = "<group>"; };
		B92934B12120C62B00637B16 /* MyPastFormViewController.swift */ = {isa = PBXFileReference; lastKnownFileType = sourcecode.swift; path = MyPastFormViewController.swift; sourceTree = "<group>"; };
		B96A7A3B213AD1B60022CDE0 /* ChartsResultListTableViewCell.swift */ = {isa = PBXFileReference; lastKnownFileType = sourcecode.swift; path = ChartsResultListTableViewCell.swift; sourceTree = "<group>"; };
		B96A7A3C213AD1B60022CDE0 /* ChartsResultListTableViewCell.xib */ = {isa = PBXFileReference; lastKnownFileType = file.xib; path = ChartsResultListTableViewCell.xib; sourceTree = "<group>"; };
		B96A7A3F213AE25B0022CDE0 /* SearchPostViewController.swift */ = {isa = PBXFileReference; lastKnownFileType = sourcecode.swift; path = SearchPostViewController.swift; sourceTree = "<group>"; };
		B97402E32131D3BD008A1D34 /* MainTodayViewController.swift */ = {isa = PBXFileReference; lastKnownFileType = sourcecode.swift; path = MainTodayViewController.swift; sourceTree = "<group>"; };
		B9F7E0D7213DA0A600A0B99F /* commentWithUrlTableViewCell.swift */ = {isa = PBXFileReference; lastKnownFileType = sourcecode.swift; path = commentWithUrlTableViewCell.swift; sourceTree = "<group>"; };
		B9F7E0D8213DA0A600A0B99F /* commentWithUrlTableViewCell.xib */ = {isa = PBXFileReference; lastKnownFileType = file.xib; path = commentWithUrlTableViewCell.xib; sourceTree = "<group>"; };
		B9FC939D212F09890029EF12 /* NewsTodayTableViewCell.swift */ = {isa = PBXFileReference; lastKnownFileType = sourcecode.swift; path = NewsTodayTableViewCell.swift; sourceTree = "<group>"; };
		B9FC939E212F09890029EF12 /* NewsTodayTableViewCell.xib */ = {isa = PBXFileReference; lastKnownFileType = file.xib; path = NewsTodayTableViewCell.xib; sourceTree = "<group>"; };
		B9FC93A1212FE4710029EF12 /* NewsMainViewController.swift */ = {isa = PBXFileReference; lastKnownFileType = sourcecode.swift; path = NewsMainViewController.swift; sourceTree = "<group>"; };
		B9FC93A4212FE5070029EF12 /* TodayViewController.swift */ = {isa = PBXFileReference; lastKnownFileType = sourcecode.swift; path = TodayViewController.swift; sourceTree = "<group>"; };
		B9FC93A6212FE5310029EF12 /* OneDayAgoViewController.swift */ = {isa = PBXFileReference; lastKnownFileType = sourcecode.swift; path = OneDayAgoViewController.swift; sourceTree = "<group>"; };
		B9FC93A8212FE5490029EF12 /* TwoDaysAgoViewController.swift */ = {isa = PBXFileReference; lastKnownFileType = sourcecode.swift; path = TwoDaysAgoViewController.swift; sourceTree = "<group>"; };
		B9FC93AA212FE5570029EF12 /* ThreeDaysAgoViewController.swift */ = {isa = PBXFileReference; lastKnownFileType = sourcecode.swift; path = ThreeDaysAgoViewController.swift; sourceTree = "<group>"; };
		B9FC93AC212FE5690029EF12 /* FourDaysAgoViewController.swift */ = {isa = PBXFileReference; lastKnownFileType = sourcecode.swift; path = FourDaysAgoViewController.swift; sourceTree = "<group>"; };
		B9FC93AE212FE5750029EF12 /* FiveDaysAgoViewController.swift */ = {isa = PBXFileReference; lastKnownFileType = sourcecode.swift; path = FiveDaysAgoViewController.swift; sourceTree = "<group>"; };
		B9FC93B0212FE5830029EF12 /* SixDaysAgoViewController.swift */ = {isa = PBXFileReference; lastKnownFileType = sourcecode.swift; path = SixDaysAgoViewController.swift; sourceTree = "<group>"; };
		B9FC93B2213002EC0029EF12 /* NewsViewController.swift */ = {isa = PBXFileReference; lastKnownFileType = sourcecode.swift; path = NewsViewController.swift; sourceTree = "<group>"; };
		B9FC93B421304B980029EF12 /* NewsPostCommentViewController.swift */ = {isa = PBXFileReference; lastKnownFileType = sourcecode.swift; path = NewsPostCommentViewController.swift; sourceTree = "<group>"; };
		B9FC93B6213082500029EF12 /* NewsDetailViewController.swift */ = {isa = PBXFileReference; lastKnownFileType = sourcecode.swift; path = NewsDetailViewController.swift; sourceTree = "<group>"; };
		B9FE6148212525B100DFF419 /* PostDetailViewController.swift */ = {isa = PBXFileReference; lastKnownFileType = sourcecode.swift; path = PostDetailViewController.swift; sourceTree = "<group>"; };
		B9FE614B2125572700DFF419 /* SNSListViewController.swift */ = {isa = PBXFileReference; lastKnownFileType = sourcecode.swift; path = SNSListViewController.swift; sourceTree = "<group>"; };
		B9FE614F2125D35000DFF419 /* SNSTableViewCell.swift */ = {isa = PBXFileReference; lastKnownFileType = sourcecode.swift; path = SNSTableViewCell.swift; sourceTree = "<group>"; };
		B9FE61502125D35000DFF419 /* SNSTableViewCell.xib */ = {isa = PBXFileReference; lastKnownFileType = file.xib; path = SNSTableViewCell.xib; sourceTree = "<group>"; };
		B9FE61592126B3C800DFF419 /* CommentDetailViewController.swift */ = {isa = PBXFileReference; lastKnownFileType = sourcecode.swift; path = CommentDetailViewController.swift; sourceTree = "<group>"; };
		B9FE61612126F43D00DFF419 /* TagCollectionViewCell.swift */ = {isa = PBXFileReference; lastKnownFileType = sourcecode.swift; path = TagCollectionViewCell.swift; sourceTree = "<group>"; };
		B9FE61622126F43D00DFF419 /* TagCollectionViewCell.xib */ = {isa = PBXFileReference; lastKnownFileType = file.xib; path = TagCollectionViewCell.xib; sourceTree = "<group>"; };
		B9FE61652126F4DB00DFF419 /* TagTableViewCell.swift */ = {isa = PBXFileReference; lastKnownFileType = sourcecode.swift; path = TagTableViewCell.swift; sourceTree = "<group>"; };
		B9FE61662126F4DB00DFF419 /* TagTableViewCell.xib */ = {isa = PBXFileReference; lastKnownFileType = file.xib; path = TagTableViewCell.xib; sourceTree = "<group>"; };
		B9FE616B21282FF300DFF419 /* commentTableViewCell.swift */ = {isa = PBXFileReference; lastKnownFileType = sourcecode.swift; path = commentTableViewCell.swift; sourceTree = "<group>"; };
		B9FE616C21282FF300DFF419 /* commentTableViewCell.xib */ = {isa = PBXFileReference; lastKnownFileType = file.xib; path = commentTableViewCell.xib; sourceTree = "<group>"; };
		B9FE6178212891BB00DFF419 /* ResponseTableViewCell.swift */ = {isa = PBXFileReference; lastKnownFileType = sourcecode.swift; path = ResponseTableViewCell.swift; sourceTree = "<group>"; };
		B9FE6179212891BB00DFF419 /* ResponseTableViewCell.xib */ = {isa = PBXFileReference; lastKnownFileType = file.xib; path = ResponseTableViewCell.xib; sourceTree = "<group>"; };
		E43E352199C059506D6961DA /* Pods_Politics.framework */ = {isa = PBXFileReference; explicitFileType = wrapper.framework; includeInIndex = 0; path = Pods_Politics.framework; sourceTree = BUILT_PRODUCTS_DIR; };
/* End PBXFileReference section */

/* Begin PBXFrameworksBuildPhase section */
		B9085AC6211B3EF10099DBE1 /* Frameworks */ = {
			isa = PBXFrameworksBuildPhase;
			buildActionMask = 2147483647;
			files = (
				B9085B1A211C418F0099DBE1 /* Realm.framework in Frameworks */,
				B9085B1B211C418F0099DBE1 /* RealmSwift.framework in Frameworks */,
				CA3D035177EB5581E57CCAE3 /* Pods_Politics.framework in Frameworks */,
			);
			runOnlyForDeploymentPostprocessing = 0;
		};
/* End PBXFrameworksBuildPhase section */

/* Begin PBXGroup section */
		29D55B3DF2A0B388A6EC8692 /* Frameworks */ = {
			isa = PBXGroup;
			children = (
				B9085B18211C418F0099DBE1 /* Realm.framework */,
				B9085B19211C418F0099DBE1 /* RealmSwift.framework */,
				E43E352199C059506D6961DA /* Pods_Politics.framework */,
			);
			name = Frameworks;
			sourceTree = "<group>";
		};
		90258350F62BA98C09FAEC97 /* Pods */ = {
			isa = PBXGroup;
			children = (
				6F762DF9D9461AE59479737E /* Pods-Politics.debug.xcconfig */,
				ADB5B87C3920BE900FDF74D1 /* Pods-Politics.release.xcconfig */,
			);
			name = Pods;
			sourceTree = "<group>";
		};
		B9085AC0211B3EF10099DBE1 = {
			isa = PBXGroup;
			children = (
				B9085ACB211B3EF10099DBE1 /* Politics */,
				B9085ACA211B3EF10099DBE1 /* Products */,
				90258350F62BA98C09FAEC97 /* Pods */,
				29D55B3DF2A0B388A6EC8692 /* Frameworks */,
			);
			sourceTree = "<group>";
		};
		B9085ACA211B3EF10099DBE1 /* Products */ = {
			isa = PBXGroup;
			children = (
				B9085AC9211B3EF10099DBE1 /* Politics.app */,
			);
			name = Products;
			sourceTree = "<group>";
		};
		B9085ACB211B3EF10099DBE1 /* Politics */ = {
			isa = PBXGroup;
			children = (
				B9085ACC211B3EF10099DBE1 /* AppDelegate.swift */,
				B9085B1E211D8CAF0099DBE1 /* GoogleService-Info.plist */,
				B9085ACE211B3EF10099DBE1 /* ViewController.swift */,
				B9085AEE211BFB7A0099DBE1 /* Start */,
				B9085B20211DA2EA0099DBE1 /* Charts */,
				B9FE614A2125266600DFF419 /* SNS */,
				B9FC939C212F04F10029EF12 /* News */,
				B920C9FD214C104100ECF00C /* Setting */,
				B9085AD3211B3EF50099DBE1 /* Assets.xcassets */,
				B9085AD5211B3EF50099DBE1 /* LaunchScreen.storyboard */,
				B9085AD8211B3EF50099DBE1 /* Info.plist */,
				B9085AE8211B527E0099DBE1 /* Helper.swift */,
			);
			path = Politics;
			sourceTree = "<group>";
		};
		B9085AEE211BFB7A0099DBE1 /* Start */ = {
			isa = PBXGroup;
			children = (
				B9085AE4211B444E0099DBE1 /* StartViewController.swift */,
				B9085AE6211B44C00099DBE1 /* Start.storyboard */,
			);
			path = Start;
			sourceTree = "<group>";
		};
		B9085B20211DA2EA0099DBE1 /* Charts */ = {
			isa = PBXGroup;
			children = (
				B9085AD0211B3EF10099DBE1 /* Chart.storyboard */,
				B9293498211FF46800637B16 /* ViewResult */,
				B9085B1C211C431C0099DBE1 /* VoteListViewController.swift */,
				B9085B21211DA30C0099DBE1 /* VoteViewController.swift */,
				B9085B23211DE8010099DBE1 /* ChartsResultViewController.swift */,
				B9085B25211E7B800099DBE1 /* DemoBaseViewController.swift */,
				B9085B29211EB2120099DBE1 /* ChartsResultTableViewCell.swift */,
				B9085B4E211F51AA0099DBE1 /* MyFormViewController.swift */,
				B92934AB2120A55200637B16 /* SelectViewController.swift */,
				B96A7A3B213AD1B60022CDE0 /* ChartsResultListTableViewCell.swift */,
				B96A7A3C213AD1B60022CDE0 /* ChartsResultListTableViewCell.xib */,
				B920C9F72147FAF400ECF00C /* ReguralyViewController.swift */,
			);
			path = Charts;
			sourceTree = "<group>";
		};
		B911E72621296B27004728C0 /* Search */ = {
			isa = PBXGroup;
			children = (
				B911E72721296B51004728C0 /* SearchListViewController.swift */,
				B911E7292129B258004728C0 /* SearchDetailViewController.swift */,
				B96A7A3F213AE25B0022CDE0 /* SearchPostViewController.swift */,
			);
			path = Search;
			sourceTree = "<group>";
		};
		B920C9FD214C104100ECF00C /* Setting */ = {
			isa = PBXGroup;
			children = (
				B920C9F9214C0F6C00ECF00C /* Setting.storyboard */,
				B920C9FB214C0FBF00ECF00C /* SettingViewController.swift */,
				B920C9FE214C1C2F00ECF00C /* ProfileSettingTableViewCell.swift */,
				B920C9FF214C1C2F00ECF00C /* ProfileSettingTableViewCell.xib */,
				B920CA02214C261600ECF00C /* ProfileEditTableViewCell.swift */,
				B920CA03214C261600ECF00C /* ProfileEditTableViewCell.xib */,
				B91C27F0214EB4C5002477B9 /* ProfileDetailEditTableViewCell.swift */,
				B91C27F1214EB4C5002477B9 /* ProfileDetailEditTableViewCell.xib */,
				B91C27F4214EB809002477B9 /* ProfileEditViewController.swift */,
			);
			path = Setting;
			sourceTree = "<group>";
		};
		B92327C2213446FF00141A01 /* NewsModel */ = {
			isa = PBXGroup;
			children = (
				B9FC93B421304B980029EF12 /* NewsPostCommentViewController.swift */,
				B9FC939D212F09890029EF12 /* NewsTodayTableViewCell.swift */,
				B9FC939E212F09890029EF12 /* NewsTodayTableViewCell.xib */,
				B9FC93A1212FE4710029EF12 /* NewsMainViewController.swift */,
				B9FC93B2213002EC0029EF12 /* NewsViewController.swift */,
				B9FC93B6213082500029EF12 /* NewsDetailViewController.swift */,
			);
			path = NewsModel;
			sourceTree = "<group>";
		};
		B9293498211FF46800637B16 /* ViewResult */ = {
			isa = PBXGroup;
			children = (
				B9293499211FF4A900637B16 /* ViewResultViewController.swift */,
				B929349B21200D4800637B16 /* TodayResultViewController.swift */,
				B929349D21200D6B00637B16 /* OneDayAgoResultViewController.swift */,
				B929349F21200D7E00637B16 /* TwoDaysAgoResultViewController.swift */,
				B92934A121200D9000637B16 /* ThreeDaysAgoResultViewController.swift */,
				B92934A321200DA500637B16 /* FourDaysAgoResultViewController.swift */,
				B92934A521200DBB00637B16 /* FiveDaysAgoResultViewController.swift */,
				B92934A721200DD100637B16 /* SixDaysAgoResultViewController.swift */,
				B92934A921209C2F00637B16 /* WaitResultViewController.swift */,
				B92934AD2120AAB700637B16 /* PastResultViewController.swift */,
				B92934AF2120BA4800637B16 /* PastChartsTableViewCell.swift */,
				B92934B12120C62B00637B16 /* MyPastFormViewController.swift */,
				B920C9EE213EDDEC00ECF00C /* WeeklyViewController.swift */,
				B920C9F021404BFF00ECF00C /* DetailWeeklyViewController.swift */,
			);
			path = ViewResult;
			sourceTree = "<group>";
		};
		B9FC939C212F04F10029EF12 /* News */ = {
			isa = PBXGroup;
			children = (
				B9085AEA211B58FE0099DBE1 /* News.storyboard */,
				B9FC93A3212FE4EB0029EF12 /* NewsList */,
				B92327C2213446FF00141A01 /* NewsModel */,
			);
			path = News;
			sourceTree = "<group>";
		};
		B9FC93A3212FE4EB0029EF12 /* NewsList */ = {
			isa = PBXGroup;
			children = (
				B9FC93A4212FE5070029EF12 /* TodayViewController.swift */,
				B97402E32131D3BD008A1D34 /* MainTodayViewController.swift */,
				B9FC93A6212FE5310029EF12 /* OneDayAgoViewController.swift */,
				B9FC93A8212FE5490029EF12 /* TwoDaysAgoViewController.swift */,
				B9FC93AA212FE5570029EF12 /* ThreeDaysAgoViewController.swift */,
				B9FC93AC212FE5690029EF12 /* FourDaysAgoViewController.swift */,
				B9FC93AE212FE5750029EF12 /* FiveDaysAgoViewController.swift */,
				B9FC93B0212FE5830029EF12 /* SixDaysAgoViewController.swift */,
			);
			path = NewsList;
			sourceTree = "<group>";
		};
		B9FE614A2125266600DFF419 /* SNS */ = {
			isa = PBXGroup;
			children = (
				B9085AE0211B40530099DBE1 /* SNS.storyboard */,
				B9FE61702128910E00DFF419 /* CommentList */,
				B9FE616F212835D000DFF419 /* CommentDetail */,
				B9FE61712128914E00DFF419 /* Response */,
				B911E72621296B27004728C0 /* Search */,
			);
			path = SNS;
			sourceTree = "<group>";
		};
		B9FE616F212835D000DFF419 /* CommentDetail */ = {
			isa = PBXGroup;
			children = (
				B9FE61592126B3C800DFF419 /* CommentDetailViewController.swift */,
				B9FE61612126F43D00DFF419 /* TagCollectionViewCell.swift */,
				B9FE61622126F43D00DFF419 /* TagCollectionViewCell.xib */,
				B9FE61652126F4DB00DFF419 /* TagTableViewCell.swift */,
				B9FE61662126F4DB00DFF419 /* TagTableViewCell.xib */,
				B9FE616B21282FF300DFF419 /* commentTableViewCell.swift */,
				B9FE616C21282FF300DFF419 /* commentTableViewCell.xib */,
				B9F7E0D7213DA0A600A0B99F /* commentWithUrlTableViewCell.swift */,
				B9F7E0D8213DA0A600A0B99F /* commentWithUrlTableViewCell.xib */,
			);
			path = CommentDetail;
			sourceTree = "<group>";
		};
		B9FE61702128910E00DFF419 /* CommentList */ = {
			isa = PBXGroup;
			children = (
				B9FE6148212525B100DFF419 /* PostDetailViewController.swift */,
				B9FE614B2125572700DFF419 /* SNSListViewController.swift */,
				B9FE614F2125D35000DFF419 /* SNSTableViewCell.swift */,
				B9FE61502125D35000DFF419 /* SNSTableViewCell.xib */,
				B92327C02134360600141A01 /* SNSPostViewController.swift */,
				B9179C55213D8260006F4352 /* SNSwithUrlTableViewCell.swift */,
				B9179C56213D8260006F4352 /* SNSwithUrlTableViewCell.xib */,
			);
			path = CommentList;
			sourceTree = "<group>";
		};
		B9FE61712128914E00DFF419 /* Response */ = {
			isa = PBXGroup;
			children = (
				B9FE6178212891BB00DFF419 /* ResponseTableViewCell.swift */,
				B9FE6179212891BB00DFF419 /* ResponseTableViewCell.xib */,
				B920C9F22146FACB00ECF00C /* opposeTableViewCell.swift */,
				B920C9F32146FACB00ECF00C /* opposeTableViewCell.xib */,
			);
			path = Response;
			sourceTree = "<group>";
		};
/* End PBXGroup section */

/* Begin PBXNativeTarget section */
		B9085AC8211B3EF10099DBE1 /* Politics */ = {
			isa = PBXNativeTarget;
			buildConfigurationList = B9085ADB211B3EF50099DBE1 /* Build configuration list for PBXNativeTarget "Politics" */;
			buildPhases = (
				644DFDAD7392DD19068D2A40 /* [CP] Check Pods Manifest.lock */,
				B9085AC5211B3EF10099DBE1 /* Sources */,
				B9085AC6211B3EF10099DBE1 /* Frameworks */,
				B9085AC7211B3EF10099DBE1 /* Resources */,
				2A7B3204FDA5474DD12BB31E /* [CP] Embed Pods Frameworks */,
				9F767B8A28652E94A1F82474 /* [CP] Copy Pods Resources */,
				B9085B17211C41390099DBE1 /* ShellScript */,
			);
			buildRules = (
			);
			dependencies = (
			);
			name = Politics;
			productName = Politics;
			productReference = B9085AC9211B3EF10099DBE1 /* Politics.app */;
			productType = "com.apple.product-type.application";
		};
/* End PBXNativeTarget section */

/* Begin PBXProject section */
		B9085AC1211B3EF10099DBE1 /* Project object */ = {
			isa = PBXProject;
			attributes = {
				LastSwiftUpdateCheck = 0940;
				LastUpgradeCheck = 0940;
				ORGANIZATIONNAME = "tatsumi kentaro";
				TargetAttributes = {
					B9085AC8211B3EF10099DBE1 = {
						CreatedOnToolsVersion = 9.4.1;
					};
				};
			};
			buildConfigurationList = B9085AC4211B3EF10099DBE1 /* Build configuration list for PBXProject "Politics" */;
			compatibilityVersion = "Xcode 9.3";
			developmentRegion = en;
			hasScannedForEncodings = 0;
			knownRegions = (
				en,
				Base,
			);
			mainGroup = B9085AC0211B3EF10099DBE1;
			productRefGroup = B9085ACA211B3EF10099DBE1 /* Products */;
			projectDirPath = "";
			projectRoot = "";
			targets = (
				B9085AC8211B3EF10099DBE1 /* Politics */,
			);
		};
/* End PBXProject section */

/* Begin PBXResourcesBuildPhase section */
		B9085AC7211B3EF10099DBE1 /* Resources */ = {
			isa = PBXResourcesBuildPhase;
			buildActionMask = 2147483647;
			files = (
				B96A7A3E213AD1B60022CDE0 /* ChartsResultListTableViewCell.xib in Resources */,
				B9085AE1211B40530099DBE1 /* SNS.storyboard in Resources */,
				B9085AEB211B58FE0099DBE1 /* News.storyboard in Resources */,
				B91C27F3214EB4C5002477B9 /* ProfileDetailEditTableViewCell.xib in Resources */,
				B9179C58213D8260006F4352 /* SNSwithUrlTableViewCell.xib in Resources */,
				B9FC93A0212F09890029EF12 /* NewsTodayTableViewCell.xib in Resources */,
				B920C9FA214C0F6C00ECF00C /* Setting.storyboard in Resources */,
				B9F7E0DA213DA0A600A0B99F /* commentWithUrlTableViewCell.xib in Resources */,
				B9FE61682126F4DB00DFF419 /* TagTableViewCell.xib in Resources */,
				B9085AD7211B3EF50099DBE1 /* LaunchScreen.storyboard in Resources */,
				B9FE617B212891BB00DFF419 /* ResponseTableViewCell.xib in Resources */,
				B9085AE7211B44C00099DBE1 /* Start.storyboard in Resources */,
				B920CA05214C261600ECF00C /* ProfileEditTableViewCell.xib in Resources */,
				B920C9F52146FACB00ECF00C /* opposeTableViewCell.xib in Resources */,
				B9FE61522125D35000DFF419 /* SNSTableViewCell.xib in Resources */,
				B9085AD4211B3EF50099DBE1 /* Assets.xcassets in Resources */,
				B9FE61642126F43D00DFF419 /* TagCollectionViewCell.xib in Resources */,
				B9085AD2211B3EF10099DBE1 /* Chart.storyboard in Resources */,
				B9FE616E21282FF300DFF419 /* commentTableViewCell.xib in Resources */,
				B920CA01214C1C2F00ECF00C /* ProfileSettingTableViewCell.xib in Resources */,
				B9085B1F211D8CAF0099DBE1 /* GoogleService-Info.plist in Resources */,
			);
			runOnlyForDeploymentPostprocessing = 0;
		};
/* End PBXResourcesBuildPhase section */

/* Begin PBXShellScriptBuildPhase section */
		2A7B3204FDA5474DD12BB31E /* [CP] Embed Pods Frameworks */ = {
			isa = PBXShellScriptBuildPhase;
			buildActionMask = 2147483647;
			files = (
			);
			inputPaths = (
				"${SRCROOT}/Pods/Target Support Files/Pods-Politics/Pods-Politics-frameworks.sh",
				"${BUILT_PRODUCTS_DIR}/Alamofire/Alamofire.framework",
				"${BUILT_PRODUCTS_DIR}/BoringSSL/openssl.framework",
				"${BUILT_PRODUCTS_DIR}/Charts/Charts.framework",
				"${BUILT_PRODUCTS_DIR}/Eureka/Eureka.framework",
				"${BUILT_PRODUCTS_DIR}/GTMSessionFetcher/GTMSessionFetcher.framework",
				"${BUILT_PRODUCTS_DIR}/GoogleToolboxForMac/GoogleToolboxForMac.framework",
				"${BUILT_PRODUCTS_DIR}/Nuke/Nuke.framework",
				"${BUILT_PRODUCTS_DIR}/PKHUD/PKHUD.framework",
				"${BUILT_PRODUCTS_DIR}/PageMenu/PageMenu.framework",
				"${BUILT_PRODUCTS_DIR}/Protobuf/Protobuf.framework",
				"${BUILT_PRODUCTS_DIR}/SDWebImage/SDWebImage.framework",
				"${BUILT_PRODUCTS_DIR}/SwiftDate/SwiftDate.framework",
				"${BUILT_PRODUCTS_DIR}/SwiftyJSON/SwiftyJSON.framework",
				"${BUILT_PRODUCTS_DIR}/WCLShineButton/WCLShineButton.framework",
				"${BUILT_PRODUCTS_DIR}/gRPC/GRPCClient.framework",
				"${BUILT_PRODUCTS_DIR}/gRPC-Core/grpc.framework",
				"${BUILT_PRODUCTS_DIR}/gRPC-ProtoRPC/ProtoRPC.framework",
				"${BUILT_PRODUCTS_DIR}/gRPC-RxLibrary/RxLibrary.framework",
				"${BUILT_PRODUCTS_DIR}/leveldb-library/leveldb.framework",
				"${BUILT_PRODUCTS_DIR}/nanopb/nanopb.framework",
			);
			name = "[CP] Embed Pods Frameworks";
			outputPaths = (
				"${TARGET_BUILD_DIR}/${FRAMEWORKS_FOLDER_PATH}/Alamofire.framework",
				"${TARGET_BUILD_DIR}/${FRAMEWORKS_FOLDER_PATH}/openssl.framework",
				"${TARGET_BUILD_DIR}/${FRAMEWORKS_FOLDER_PATH}/Charts.framework",
				"${TARGET_BUILD_DIR}/${FRAMEWORKS_FOLDER_PATH}/Eureka.framework",
				"${TARGET_BUILD_DIR}/${FRAMEWORKS_FOLDER_PATH}/GTMSessionFetcher.framework",
				"${TARGET_BUILD_DIR}/${FRAMEWORKS_FOLDER_PATH}/GoogleToolboxForMac.framework",
				"${TARGET_BUILD_DIR}/${FRAMEWORKS_FOLDER_PATH}/Nuke.framework",
				"${TARGET_BUILD_DIR}/${FRAMEWORKS_FOLDER_PATH}/PKHUD.framework",
				"${TARGET_BUILD_DIR}/${FRAMEWORKS_FOLDER_PATH}/PageMenu.framework",
				"${TARGET_BUILD_DIR}/${FRAMEWORKS_FOLDER_PATH}/Protobuf.framework",
				"${TARGET_BUILD_DIR}/${FRAMEWORKS_FOLDER_PATH}/SDWebImage.framework",
				"${TARGET_BUILD_DIR}/${FRAMEWORKS_FOLDER_PATH}/SwiftDate.framework",
				"${TARGET_BUILD_DIR}/${FRAMEWORKS_FOLDER_PATH}/SwiftyJSON.framework",
				"${TARGET_BUILD_DIR}/${FRAMEWORKS_FOLDER_PATH}/WCLShineButton.framework",
				"${TARGET_BUILD_DIR}/${FRAMEWORKS_FOLDER_PATH}/GRPCClient.framework",
				"${TARGET_BUILD_DIR}/${FRAMEWORKS_FOLDER_PATH}/grpc.framework",
				"${TARGET_BUILD_DIR}/${FRAMEWORKS_FOLDER_PATH}/ProtoRPC.framework",
				"${TARGET_BUILD_DIR}/${FRAMEWORKS_FOLDER_PATH}/RxLibrary.framework",
				"${TARGET_BUILD_DIR}/${FRAMEWORKS_FOLDER_PATH}/leveldb.framework",
				"${TARGET_BUILD_DIR}/${FRAMEWORKS_FOLDER_PATH}/nanopb.framework",
			);
			runOnlyForDeploymentPostprocessing = 0;
			shellPath = /bin/sh;
			shellScript = "\"${SRCROOT}/Pods/Target Support Files/Pods-Politics/Pods-Politics-frameworks.sh\"\n";
			showEnvVarsInLog = 0;
		};
		644DFDAD7392DD19068D2A40 /* [CP] Check Pods Manifest.lock */ = {
			isa = PBXShellScriptBuildPhase;
			buildActionMask = 2147483647;
			files = (
			);
			inputPaths = (
				"${PODS_PODFILE_DIR_PATH}/Podfile.lock",
				"${PODS_ROOT}/Manifest.lock",
			);
			name = "[CP] Check Pods Manifest.lock";
			outputPaths = (
				"$(DERIVED_FILE_DIR)/Pods-Politics-checkManifestLockResult.txt",
			);
			runOnlyForDeploymentPostprocessing = 0;
			shellPath = /bin/sh;
			shellScript = "diff \"${PODS_PODFILE_DIR_PATH}/Podfile.lock\" \"${PODS_ROOT}/Manifest.lock\" > /dev/null\nif [ $? != 0 ] ; then\n    # print error to STDERR\n    echo \"error: The sandbox is not in sync with the Podfile.lock. Run 'pod install' or update your CocoaPods installation.\" >&2\n    exit 1\nfi\n# This output is used by Xcode 'outputs' to avoid re-running this script phase.\necho \"SUCCESS\" > \"${SCRIPT_OUTPUT_FILE_0}\"\n";
			showEnvVarsInLog = 0;
		};
		9F767B8A28652E94A1F82474 /* [CP] Copy Pods Resources */ = {
			isa = PBXShellScriptBuildPhase;
			buildActionMask = 2147483647;
			files = (
			);
			inputPaths = (
			);
			name = "[CP] Copy Pods Resources";
			outputPaths = (
			);
			runOnlyForDeploymentPostprocessing = 0;
			shellPath = /bin/sh;
			shellScript = "\"${SRCROOT}/Pods/Target Support Files/Pods-Politics/Pods-Politics-resources.sh\"\n";
			showEnvVarsInLog = 0;
		};
		B9085B17211C41390099DBE1 /* ShellScript */ = {
			isa = PBXShellScriptBuildPhase;
			buildActionMask = 2147483647;
			files = (
			);
			inputPaths = (
				"$(SRCROOT)/Carthage/Build/iOS/Realm.framework",
				"$(SRCROOT)/Carthage/Build/iOS/RealmSwift.framework",
			);
			outputPaths = (
			);
			runOnlyForDeploymentPostprocessing = 0;
			shellPath = /bin/sh;
			shellScript = "/usr/local/bin/carthage copy-frameworks";
		};
/* End PBXShellScriptBuildPhase section */

/* Begin PBXSourcesBuildPhase section */
		B9085AC5211B3EF10099DBE1 /* Sources */ = {
			isa = PBXSourcesBuildPhase;
			buildActionMask = 2147483647;
			files = (
				B9FC93A2212FE4710029EF12 /* NewsMainViewController.swift in Sources */,
				B92934AC2120A55200637B16 /* SelectViewController.swift in Sources */,
				B9FE6149212525B100DFF419 /* PostDetailViewController.swift in Sources */,
				B9085B22211DA30C0099DBE1 /* VoteViewController.swift in Sources */,
				B9FE616D21282FF300DFF419 /* commentTableViewCell.swift in Sources */,
				B929349C21200D4800637B16 /* TodayResultViewController.swift in Sources */,
				B9FE615A2126B3C800DFF419 /* CommentDetailViewController.swift in Sources */,
				B920CA04214C261600ECF00C /* ProfileEditTableViewCell.swift in Sources */,
				B9FE614C2125572700DFF419 /* SNSListViewController.swift in Sources */,
				B9FC93AB212FE5570029EF12 /* ThreeDaysAgoViewController.swift in Sources */,
				B920CA00214C1C2F00ECF00C /* ProfileSettingTableViewCell.swift in Sources */,
				B920C9EF213EDDEC00ECF00C /* WeeklyViewController.swift in Sources */,
				B9FE617A212891BB00DFF419 /* ResponseTableViewCell.swift in Sources */,
				B920C9F42146FACB00ECF00C /* opposeTableViewCell.swift in Sources */,
				B92934AE2120AAB700637B16 /* PastResultViewController.swift in Sources */,
				B92934A421200DA500637B16 /* FourDaysAgoResultViewController.swift in Sources */,
				B91C27F5214EB809002477B9 /* ProfileEditViewController.swift in Sources */,
				B911E72821296B51004728C0 /* SearchListViewController.swift in Sources */,
				B929349A211FF4A900637B16 /* ViewResultViewController.swift in Sources */,
				B920C9F82147FAF400ECF00C /* ReguralyViewController.swift in Sources */,
				B92327C12134360600141A01 /* SNSPostViewController.swift in Sources */,
				B9FE61512125D35000DFF419 /* SNSTableViewCell.swift in Sources */,
				B920C9FC214C0FBF00ECF00C /* SettingViewController.swift in Sources */,
				B929349E21200D6B00637B16 /* OneDayAgoResultViewController.swift in Sources */,
				B92934A821200DD100637B16 /* SixDaysAgoResultViewController.swift in Sources */,
				B9085ACF211B3EF10099DBE1 /* ViewController.swift in Sources */,
				B9085B4F211F51AA0099DBE1 /* MyFormViewController.swift in Sources */,
				B92934B22120C62B00637B16 /* MyPastFormViewController.swift in Sources */,
				B9085ACD211B3EF10099DBE1 /* AppDelegate.swift in Sources */,
				B9FC93AD212FE5690029EF12 /* FourDaysAgoViewController.swift in Sources */,
				B91C27F2214EB4C5002477B9 /* ProfileDetailEditTableViewCell.swift in Sources */,
				B9FC93A5212FE5070029EF12 /* TodayViewController.swift in Sources */,
				B92934AA21209C2F00637B16 /* WaitResultViewController.swift in Sources */,
				B9FC93B7213082500029EF12 /* NewsDetailViewController.swift in Sources */,
				B9FC939F212F09890029EF12 /* NewsTodayTableViewCell.swift in Sources */,
				B96A7A40213AE25B0022CDE0 /* SearchPostViewController.swift in Sources */,
				B97402E42131D3BD008A1D34 /* MainTodayViewController.swift in Sources */,
				B9FE61632126F43D00DFF419 /* TagCollectionViewCell.swift in Sources */,
				B92934A221200D9000637B16 /* ThreeDaysAgoResultViewController.swift in Sources */,
				B9FC93B521304B980029EF12 /* NewsPostCommentViewController.swift in Sources */,
				B920C9F121404C0000ECF00C /* DetailWeeklyViewController.swift in Sources */,
				B92934A621200DBB00637B16 /* FiveDaysAgoResultViewController.swift in Sources */,
				B9085B1D211C431C0099DBE1 /* VoteListViewController.swift in Sources */,
				B9FC93A7212FE5310029EF12 /* OneDayAgoViewController.swift in Sources */,
				B9085B24211DE8010099DBE1 /* ChartsResultViewController.swift in Sources */,
				B9179C57213D8260006F4352 /* SNSwithUrlTableViewCell.swift in Sources */,
				B911E72A2129B258004728C0 /* SearchDetailViewController.swift in Sources */,
				B92934A021200D7E00637B16 /* TwoDaysAgoResultViewController.swift in Sources */,
				B9FE61672126F4DB00DFF419 /* TagTableViewCell.swift in Sources */,
				B9FC93B3213002EC0029EF12 /* NewsViewController.swift in Sources */,
				B9F7E0D9213DA0A600A0B99F /* commentWithUrlTableViewCell.swift in Sources */,
				B9FC93AF212FE5750029EF12 /* FiveDaysAgoViewController.swift in Sources */,
				B9FC93A9212FE5490029EF12 /* TwoDaysAgoViewController.swift in Sources */,
				B9085AE5211B444E0099DBE1 /* StartViewController.swift in Sources */,
				B92934B02120BA4800637B16 /* PastChartsTableViewCell.swift in Sources */,
				B96A7A3D213AD1B60022CDE0 /* ChartsResultListTableViewCell.swift in Sources */,
				B9085B2A211EB2120099DBE1 /* ChartsResultTableViewCell.swift in Sources */,
				B9085B26211E7B800099DBE1 /* DemoBaseViewController.swift in Sources */,
				B9FC93B1212FE5830029EF12 /* SixDaysAgoViewController.swift in Sources */,
				B9085AE9211B527E0099DBE1 /* Helper.swift in Sources */,
			);
			runOnlyForDeploymentPostprocessing = 0;
		};
/* End PBXSourcesBuildPhase section */

/* Begin PBXVariantGroup section */
		B9085AD0211B3EF10099DBE1 /* Chart.storyboard */ = {
			isa = PBXVariantGroup;
			children = (
				B9085AD1211B3EF10099DBE1 /* Base */,
			);
			name = Chart.storyboard;
			sourceTree = "<group>";
		};
		B9085AD5211B3EF50099DBE1 /* LaunchScreen.storyboard */ = {
			isa = PBXVariantGroup;
			children = (
				B9085AD6211B3EF50099DBE1 /* Base */,
			);
			name = LaunchScreen.storyboard;
			sourceTree = "<group>";
		};
/* End PBXVariantGroup section */

/* Begin XCBuildConfiguration section */
		B9085AD9211B3EF50099DBE1 /* Debug */ = {
			isa = XCBuildConfiguration;
			buildSettings = {
				ALWAYS_SEARCH_USER_PATHS = NO;
				CLANG_ANALYZER_NONNULL = YES;
				CLANG_ANALYZER_NUMBER_OBJECT_CONVERSION = YES_AGGRESSIVE;
				CLANG_CXX_LANGUAGE_STANDARD = "gnu++14";
				CLANG_CXX_LIBRARY = "libc++";
				CLANG_ENABLE_MODULES = YES;
				CLANG_ENABLE_OBJC_ARC = YES;
				CLANG_ENABLE_OBJC_WEAK = YES;
				CLANG_WARN_BLOCK_CAPTURE_AUTORELEASING = YES;
				CLANG_WARN_BOOL_CONVERSION = YES;
				CLANG_WARN_COMMA = YES;
				CLANG_WARN_CONSTANT_CONVERSION = YES;
				CLANG_WARN_DEPRECATED_OBJC_IMPLEMENTATIONS = YES;
				CLANG_WARN_DIRECT_OBJC_ISA_USAGE = YES_ERROR;
				CLANG_WARN_DOCUMENTATION_COMMENTS = YES;
				CLANG_WARN_EMPTY_BODY = YES;
				CLANG_WARN_ENUM_CONVERSION = YES;
				CLANG_WARN_INFINITE_RECURSION = YES;
				CLANG_WARN_INT_CONVERSION = YES;
				CLANG_WARN_NON_LITERAL_NULL_CONVERSION = YES;
				CLANG_WARN_OBJC_IMPLICIT_RETAIN_SELF = YES;
				CLANG_WARN_OBJC_LITERAL_CONVERSION = YES;
				CLANG_WARN_OBJC_ROOT_CLASS = YES_ERROR;
				CLANG_WARN_RANGE_LOOP_ANALYSIS = YES;
				CLANG_WARN_STRICT_PROTOTYPES = YES;
				CLANG_WARN_SUSPICIOUS_MOVE = YES;
				CLANG_WARN_UNGUARDED_AVAILABILITY = YES_AGGRESSIVE;
				CLANG_WARN_UNREACHABLE_CODE = YES;
				CLANG_WARN__DUPLICATE_METHOD_MATCH = YES;
				CODE_SIGN_IDENTITY = "iPhone Developer";
				COPY_PHASE_STRIP = NO;
				DEBUG_INFORMATION_FORMAT = dwarf;
				ENABLE_STRICT_OBJC_MSGSEND = YES;
				ENABLE_TESTABILITY = YES;
				GCC_C_LANGUAGE_STANDARD = gnu11;
				GCC_DYNAMIC_NO_PIC = NO;
				GCC_NO_COMMON_BLOCKS = YES;
				GCC_OPTIMIZATION_LEVEL = 0;
				GCC_PREPROCESSOR_DEFINITIONS = (
					"DEBUG=1",
					"$(inherited)",
				);
				GCC_WARN_64_TO_32_BIT_CONVERSION = YES;
				GCC_WARN_ABOUT_RETURN_TYPE = YES_ERROR;
				GCC_WARN_UNDECLARED_SELECTOR = YES;
				GCC_WARN_UNINITIALIZED_AUTOS = YES_AGGRESSIVE;
				GCC_WARN_UNUSED_FUNCTION = YES;
				GCC_WARN_UNUSED_VARIABLE = YES;
				IPHONEOS_DEPLOYMENT_TARGET = 11.4;
				MTL_ENABLE_DEBUG_INFO = YES;
				ONLY_ACTIVE_ARCH = YES;
				SDKROOT = iphoneos;
				SWIFT_ACTIVE_COMPILATION_CONDITIONS = DEBUG;
				SWIFT_OPTIMIZATION_LEVEL = "-Onone";
			};
			name = Debug;
		};
		B9085ADA211B3EF50099DBE1 /* Release */ = {
			isa = XCBuildConfiguration;
			buildSettings = {
				ALWAYS_SEARCH_USER_PATHS = NO;
				CLANG_ANALYZER_NONNULL = YES;
				CLANG_ANALYZER_NUMBER_OBJECT_CONVERSION = YES_AGGRESSIVE;
				CLANG_CXX_LANGUAGE_STANDARD = "gnu++14";
				CLANG_CXX_LIBRARY = "libc++";
				CLANG_ENABLE_MODULES = YES;
				CLANG_ENABLE_OBJC_ARC = YES;
				CLANG_ENABLE_OBJC_WEAK = YES;
				CLANG_WARN_BLOCK_CAPTURE_AUTORELEASING = YES;
				CLANG_WARN_BOOL_CONVERSION = YES;
				CLANG_WARN_COMMA = YES;
				CLANG_WARN_CONSTANT_CONVERSION = YES;
				CLANG_WARN_DEPRECATED_OBJC_IMPLEMENTATIONS = YES;
				CLANG_WARN_DIRECT_OBJC_ISA_USAGE = YES_ERROR;
				CLANG_WARN_DOCUMENTATION_COMMENTS = YES;
				CLANG_WARN_EMPTY_BODY = YES;
				CLANG_WARN_ENUM_CONVERSION = YES;
				CLANG_WARN_INFINITE_RECURSION = YES;
				CLANG_WARN_INT_CONVERSION = YES;
				CLANG_WARN_NON_LITERAL_NULL_CONVERSION = YES;
				CLANG_WARN_OBJC_IMPLICIT_RETAIN_SELF = YES;
				CLANG_WARN_OBJC_LITERAL_CONVERSION = YES;
				CLANG_WARN_OBJC_ROOT_CLASS = YES_ERROR;
				CLANG_WARN_RANGE_LOOP_ANALYSIS = YES;
				CLANG_WARN_STRICT_PROTOTYPES = YES;
				CLANG_WARN_SUSPICIOUS_MOVE = YES;
				CLANG_WARN_UNGUARDED_AVAILABILITY = YES_AGGRESSIVE;
				CLANG_WARN_UNREACHABLE_CODE = YES;
				CLANG_WARN__DUPLICATE_METHOD_MATCH = YES;
				CODE_SIGN_IDENTITY = "iPhone Developer";
				COPY_PHASE_STRIP = NO;
				DEBUG_INFORMATION_FORMAT = "dwarf-with-dsym";
				ENABLE_NS_ASSERTIONS = NO;
				ENABLE_STRICT_OBJC_MSGSEND = YES;
				GCC_C_LANGUAGE_STANDARD = gnu11;
				GCC_NO_COMMON_BLOCKS = YES;
				GCC_WARN_64_TO_32_BIT_CONVERSION = YES;
				GCC_WARN_ABOUT_RETURN_TYPE = YES_ERROR;
				GCC_WARN_UNDECLARED_SELECTOR = YES;
				GCC_WARN_UNINITIALIZED_AUTOS = YES_AGGRESSIVE;
				GCC_WARN_UNUSED_FUNCTION = YES;
				GCC_WARN_UNUSED_VARIABLE = YES;
				IPHONEOS_DEPLOYMENT_TARGET = 11.4;
				MTL_ENABLE_DEBUG_INFO = NO;
				SDKROOT = iphoneos;
				SWIFT_COMPILATION_MODE = wholemodule;
				SWIFT_OPTIMIZATION_LEVEL = "-O";
				VALIDATE_PRODUCT = YES;
			};
			name = Release;
		};
		B9085ADC211B3EF50099DBE1 /* Debug */ = {
			isa = XCBuildConfiguration;
			baseConfigurationReference = 6F762DF9D9461AE59479737E /* Pods-Politics.debug.xcconfig */;
			buildSettings = {
				ASSETCATALOG_COMPILER_APPICON_NAME = AppIcon;
				CODE_SIGN_STYLE = Automatic;
				DEVELOPMENT_TEAM = TBZF3HX4JL;
				FRAMEWORK_SEARCH_PATHS = (
					"$(inherited)",
					"$(PROJECT_DIR)/Carthage/Build/iOS",
				);
				INFOPLIST_FILE = Politics/Info.plist;
				LD_RUNPATH_SEARCH_PATHS = (
					"$(inherited)",
					"@executable_path/Frameworks",
				);
				PRODUCT_BUNDLE_IDENTIFIER = jp.ne.sakura.tatsumi44.Politics;
				PRODUCT_NAME = "$(TARGET_NAME)";
				SWIFT_VERSION = 4.0;
				TARGETED_DEVICE_FAMILY = "1,2";
			};
			name = Debug;
		};
		B9085ADD211B3EF50099DBE1 /* Release */ = {
			isa = XCBuildConfiguration;
			baseConfigurationReference = ADB5B87C3920BE900FDF74D1 /* Pods-Politics.release.xcconfig */;
			buildSettings = {
				ASSETCATALOG_COMPILER_APPICON_NAME = AppIcon;
				CODE_SIGN_STYLE = Automatic;
				DEVELOPMENT_TEAM = TBZF3HX4JL;
				FRAMEWORK_SEARCH_PATHS = (
					"$(inherited)",
					"$(PROJECT_DIR)/Carthage/Build/iOS",
				);
				INFOPLIST_FILE = Politics/Info.plist;
				LD_RUNPATH_SEARCH_PATHS = (
					"$(inherited)",
					"@executable_path/Frameworks",
				);
				PRODUCT_BUNDLE_IDENTIFIER = jp.ne.sakura.tatsumi44.Politics;
				PRODUCT_NAME = "$(TARGET_NAME)";
				SWIFT_VERSION = 4.0;
				TARGETED_DEVICE_FAMILY = "1,2";
			};
			name = Release;
		};
/* End XCBuildConfiguration section */

/* Begin XCConfigurationList section */
		B9085AC4211B3EF10099DBE1 /* Build configuration list for PBXProject "Politics" */ = {
			isa = XCConfigurationList;
			buildConfigurations = (
				B9085AD9211B3EF50099DBE1 /* Debug */,
				B9085ADA211B3EF50099DBE1 /* Release */,
			);
			defaultConfigurationIsVisible = 0;
			defaultConfigurationName = Release;
		};
		B9085ADB211B3EF50099DBE1 /* Build configuration list for PBXNativeTarget "Politics" */ = {
			isa = XCConfigurationList;
			buildConfigurations = (
				B9085ADC211B3EF50099DBE1 /* Debug */,
				B9085ADD211B3EF50099DBE1 /* Release */,
			);
			defaultConfigurationIsVisible = 0;
			defaultConfigurationName = Release;
		};
/* End XCConfigurationList section */
	};
	rootObject = B9085AC1211B3EF10099DBE1 /* Project object */;
}
